
Microsoft Visual Studio Solution File, Format Version 12.00
# Visual Studio Version 16
VisualStudioVersion = 16.0.31624.102
MinimumVisualStudioVersion = 10.0.40219.1
Project("{9A19103F-16F7-4668-BE54-9A1E7A4F7556}") = "Soft", "BankingApp\Soft.csproj", "{6957BA3F-F452-4F52-91B8-2A53C0297CBC}"
EndProject
Project("{9A19103F-16F7-4668-BE54-9A1E7A4F7556}") = "Aids", "Aids1\Aids.csproj", "{B0F45915-66E4-49CC-8BF4-626230190C40}"
EndProject
Project("{9A19103F-16F7-4668-BE54-9A1E7A4F7556}") = "Core", "Core\Core.csproj", "{AFC03D06-8F54-4285-B8F4-C7E06FB36B4B}"
EndProject
Project("{9A19103F-16F7-4668-BE54-9A1E7A4F7556}") = "Data", "Data\Data.csproj", "{38814C8C-9122-409F-8946-725FAB0BB6BC}"
EndProject
Project("{9A19103F-16F7-4668-BE54-9A1E7A4F7556}") = "Domain", "Domain\Domain.csproj", "{35882121-7BBE-4906-A3F0-E25A42993A6F}"
EndProject
Project("{9A19103F-16F7-4668-BE54-9A1E7A4F7556}") = "Facade", "Facade\Facade.csproj", "{A9D40636-61A5-438E-832A-642AF40A52D4}"
EndProject
Project("{9A19103F-16F7-4668-BE54-9A1E7A4F7556}") = "Infra", "Infra\Infra.csproj", "{201F0D25-AE34-4D78-8753-FB8B716D95AC}"
EndProject
Project("{9A19103F-16F7-4668-BE54-9A1E7A4F7556}") = "Pages", "Pages\Pages.csproj", "{0068E9A6-2483-4BEE-A804-1077764D71BC}"
EndProject
Global
	GlobalSection(SolutionConfigurationPlatforms) = preSolution
		Debug|Any CPU = Debug|Any CPU
		Release|Any CPU = Release|Any CPU
	EndGlobalSection
	GlobalSection(ProjectConfigurationPlatforms) = postSolution
		{6957BA3F-F452-4F52-91B8-2A53C0297CBC}.Debug|Any CPU.ActiveCfg = Debug|Any CPU
		{6957BA3F-F452-4F52-91B8-2A53C0297CBC}.Debug|Any CPU.Build.0 = Debug|Any CPU
		{6957BA3F-F452-4F52-91B8-2A53C0297CBC}.Release|Any CPU.ActiveCfg = Release|Any CPU
		{6957BA3F-F452-4F52-91B8-2A53C0297CBC}.Release|Any CPU.Build.0 = Release|Any CPU
		{B0F45915-66E4-49CC-8BF4-626230190C40}.Debug|Any CPU.ActiveCfg = Debug|Any CPU
		{B0F45915-66E4-49CC-8BF4-626230190C40}.Debug|Any CPU.Build.0 = Debug|Any CPU
		{B0F45915-66E4-49CC-8BF4-626230190C40}.Release|Any CPU.ActiveCfg = Release|Any CPU
		{B0F45915-66E4-49CC-8BF4-626230190C40}.Release|Any CPU.Build.0 = Release|Any CPU
		{AFC03D06-8F54-4285-B8F4-C7E06FB36B4B}.Debug|Any CPU.ActiveCfg = Debug|Any CPU
		{AFC03D06-8F54-4285-B8F4-C7E06FB36B4B}.Debug|Any CPU.Build.0 = Debug|Any CPU
		{AFC03D06-8F54-4285-B8F4-C7E06FB36B4B}.Release|Any CPU.ActiveCfg = Release|Any CPU
		{AFC03D06-8F54-4285-B8F4-C7E06FB36B4B}.Release|Any CPU.Build.0 = Release|Any CPU
		{38814C8C-9122-409F-8946-725FAB0BB6BC}.Debug|Any CPU.ActiveCfg = Debug|Any CPU
		{38814C8C-9122-409F-8946-725FAB0BB6BC}.Debug|Any CPU.Build.0 = Debug|Any CPU
		{38814C8C-9122-409F-8946-725FAB0BB6BC}.Release|Any CPU.ActiveCfg = Release|Any CPU
		{38814C8C-9122-409F-8946-725FAB0BB6BC}.Release|Any CPU.Build.0 = Release|Any CPU
		{35882121-7BBE-4906-A3F0-E25A42993A6F}.Debug|Any CPU.ActiveCfg = Debug|Any CPU
		{35882121-7BBE-4906-A3F0-E25A42993A6F}.Debug|Any CPU.Build.0 = Debug|Any CPU
		{35882121-7BBE-4906-A3F0-E25A42993A6F}.Release|Any CPU.ActiveCfg = Release|Any CPU
		{35882121-7BBE-4906-A3F0-E25A42993A6F}.Release|Any CPU.Build.0 = Release|Any CPU
		{A9D40636-61A5-438E-832A-642AF40A52D4}.Debug|Any CPU.ActiveCfg = Debug|Any CPU
		{A9D40636-61A5-438E-832A-642AF40A52D4}.Debug|Any CPU.Build.0 = Debug|Any CPU
		{A9D40636-61A5-438E-832A-642AF40A52D4}.Release|Any CPU.ActiveCfg = Release|Any CPU
		{A9D40636-61A5-438E-832A-642AF40A52D4}.Release|Any CPU.Build.0 = Release|Any CPU
		{201F0D25-AE34-4D78-8753-FB8B716D95AC}.Debug|Any CPU.ActiveCfg = Debug|Any CPU
		{201F0D25-AE34-4D78-8753-FB8B716D95AC}.Debug|Any CPU.Build.0 = Debug|Any CPU
		{201F0D25-AE34-4D78-8753-FB8B716D95AC}.Release|Any CPU.ActiveCfg = Release|Any CPU
		{201F0D25-AE34-4D78-8753-FB8B716D95AC}.Release|Any CPU.Build.0 = Release|Any CPU
		{0068E9A6-2483-4BEE-A804-1077764D71BC}.Debug|Any CPU.ActiveCfg = Debug|Any CPU
		{0068E9A6-2483-4BEE-A804-1077764D71BC}.Debug|Any CPU.Build.0 = Debug|Any CPU
		{0068E9A6-2483-4BEE-A804-1077764D71BC}.Release|Any CPU.ActiveCfg = Release|Any CPU
		{0068E9A6-2483-4BEE-A804-1077764D71BC}.Release|Any CPU.Build.0 = Release|Any CPU
	EndGlobalSection
	GlobalSection(SolutionProperties) = preSolution
		HideSolutionNode = FALSE
	EndGlobalSection
	GlobalSection(ExtensibilityGlobals) = postSolution
		SolutionGuid = {10ADC023-A894-4DEE-8135-818F14DF9756}
	EndGlobalSection
EndGlobal
